
Microsoft Visual Studio Solution File, Format Version 12.00
# Visual Studio Version 16
VisualStudioVersion = 16.0.32106.194
MinimumVisualStudioVersion = 10.0.40219.1
Project("{FAE04EC0-301F-11D3-BF4B-00C04F79EFBC}") = "GameOfLife2", "GameOfLife2\GameOfLife2.csproj", "{FC20D69A-6E7A-40BC-B334-BBAF327F7C4D}"
EndProject
Global
	GlobalSection(SolutionConfigurationPlatforms) = preSolution
		Debug|Any CPU = Debug|Any CPU
		Release|Any CPU = Release|Any CPU
	EndGlobalSection
	GlobalSection(ProjectConfigurationPlatforms) = postSolution
		{FC20D69A-6E7A-40BC-B334-BBAF327F7C4D}.Debug|Any CPU.ActiveCfg = Debug|Any CPU
		{FC20D69A-6E7A-40BC-B334-BBAF327F7C4D}.Debug|Any CPU.Build.0 = Debug|Any CPU
		{FC20D69A-6E7A-40BC-B334-BBAF327F7C4D}.Release|Any CPU.ActiveCfg = Release|Any CPU
		{FC20D69A-6E7A-40BC-B334-BBAF327F7C4D}.Release|Any CPU.Build.0 = Release|Any CPU
	EndGlobalSection
	GlobalSection(SolutionProperties) = preSolution
		HideSolutionNode = FALSE
	EndGlobalSection
	GlobalSection(ExtensibilityGlobals) = postSolution
		SolutionGuid = {0DCCFB2A-B02B-4ED3-BFAE-2FC310C477C0}
	EndGlobalSection
EndGlobal
